{
  "version": 4,
  "terraform_version": "0.12.20",
  "serial": 21,
  "lineage": "24c55a8c-c16a-7b1c-da26-9f462ed368b7",
  "outputs": {
    "instance_private_ips_checking_pipeline": {
      "value": [
        [
          "10.0.0.20"
        ]
      ],
      "type": [
        "tuple",
        [
          [
            "tuple",
            [
              "string"
            ]
          ]
        ]
      ]
    },
    "instance_public_ips": {
      "value": [
        [
          "150.136.141.255"
        ]
      ],
      "type": [
        "tuple",
        [
          [
            "tuple",
            [
              "string"
            ]
          ]
        ]
      ]
    }
  },
  "resources": [
    {
      "mode": "data",
      "type": "oci_core_subnet",
      "name": "test_subnet",
      "provider": "provider.oci",
      "instances": [
        {
          "schema_version": 0,
          "attributes": {
            "availability_domain": null,
            "cidr_block": "10.0.0.0/24",
            "compartment_id": "ocid1.compartment.oc1..aaaaaaaa4cmhrwn76aralhu2g7dfqhmv4ygyzfg6uitdz6muiaofwrpn74yq",
            "defined_tags": {},
            "dhcp_options_id": "ocid1.dhcpoptions.oc1.iad.aaaaaaaakrqsby2p2qfig45q4klzwwsvff4vbpsivh3at667wfxqogtbbm6q",
            "display_name": "Public Subnet",
            "dns_label": "subnet",
            "freeform_tags": {},
            "id": "ocid1.subnet.oc1.iad.aaaaaaaapfhz7fwrbo5dae2dc2ugq5im3scwmcsvoop4kp37v7gqrnzu55hq",
            "ipv6cidr_block": null,
            "ipv6public_cidr_block": null,
            "ipv6virtual_router_ip": null,
            "prohibit_public_ip_on_vnic": false,
            "route_table_id": "ocid1.routetable.oc1.iad.aaaaaaaagvm22ojdndyee4ylrg6annyz5rwr2pmxu752yjuc7spc5wloc3oq",
            "security_list_ids": [
              "ocid1.securitylist.oc1.iad.aaaaaaaamru3t6oc65qgfyas6clwnuzopa67nr75nzrjk5vnkoifqokdt4va"
            ],
            "state": "AVAILABLE",
            "subnet_domain_name": "subnet.vcn.oraclevcn.com",
            "subnet_id": "ocid1.subnet.oc1.iad.aaaaaaaapfhz7fwrbo5dae2dc2ugq5im3scwmcsvoop4kp37v7gqrnzu55hq",
            "time_created": "2020-01-31 13:36:40.666 +0000 UTC",
            "vcn_id": "ocid1.vcn.oc1.iad.amaaaaaa7zxxlwiaybumtdfgdpu4gc3paxo2byd46xkp4yulwggummiqywga",
            "virtual_router_ip": "10.0.0.1",
            "virtual_router_mac": "00:00:17:51:A0:1F"
          }
        }
      ]
    },
    {
      "mode": "data",
      "type": "oci_core_vcn",
      "name": "test_vcn",
      "provider": "provider.oci",
      "instances": [
        {
          "schema_version": 0,
          "attributes": {
            "cidr_block": "10.0.0.0/16",
            "compartment_id": "ocid1.compartment.oc1..aaaaaaaa4cmhrwn76aralhu2g7dfqhmv4ygyzfg6uitdz6muiaofwrpn74yq",
            "default_dhcp_options_id": "ocid1.dhcpoptions.oc1.iad.aaaaaaaakrqsby2p2qfig45q4klzwwsvff4vbpsivh3at667wfxqogtbbm6q",
            "default_route_table_id": "ocid1.routetable.oc1.iad.aaaaaaaagvm22ojdndyee4ylrg6annyz5rwr2pmxu752yjuc7spc5wloc3oq",
            "default_security_list_id": "ocid1.securitylist.oc1.iad.aaaaaaaamru3t6oc65qgfyas6clwnuzopa67nr75nzrjk5vnkoifqokdt4va",
            "defined_tags": {},
            "display_name": "VirtualCloudNetwork-20200131-1905",
            "dns_label": "vcn",
            "freeform_tags": {},
            "id": "ocid1.vcn.oc1.iad.amaaaaaa7zxxlwiaybumtdfgdpu4gc3paxo2byd46xkp4yulwggummiqywga",
            "ipv6cidr_block": null,
            "ipv6public_cidr_block": null,
            "is_ipv6enabled": null,
            "state": "AVAILABLE",
            "time_created": "2020-01-31 13:36:38.013 +0000 UTC",
            "vcn_domain_name": "vcn.oraclevcn.com",
            "vcn_id": "ocid1.vcn.oc1.iad.amaaaaaa7zxxlwiaybumtdfgdpu4gc3paxo2byd46xkp4yulwggummiqywga"
          }
        }
      ]
    },
    {
      "mode": "data",
      "type": "oci_identity_availability_domain",
      "name": "ad",
      "provider": "provider.oci",
      "instances": [
        {
          "schema_version": 0,
          "attributes": {
            "ad_number": 1,
            "compartment_id": "ocid1.tenancy.oc1..aaaaaaaapf32iocmevidwi4ujtrnfvq456dp4elubzvw564v6lh2sby24uua",
            "id": "ocid1.availabilitydomain.oc1..aaaaaaaatrwxaogr7dl4yschqtrmqrdv6uzis3mgbnomiagqrfhcb7mxsfdq",
            "name": "dKrR:US-ASHBURN-AD-1"
          }
        }
      ]
    },
    {
      "mode": "managed",
      "type": "null_resource",
      "name": "example_provisioner",
      "each": "list",
      "provider": "provider.null",
      "instances": [
        {
          "index_key": 0,
          "schema_version": 0,
          "attributes": {
            "id": "4981500065959380074",
            "triggers": null
          },
          "private": "bnVsbA==",
          "dependencies": [
            "oci_core_instance.test_instance"
          ]
        }
      ]
    },
    {
      "mode": "managed",
      "type": "oci_core_instance",
      "name": "test_instance",
      "each": "list",
      "provider": "provider.oci",
      "instances": [
        {
          "index_key": 0,
          "schema_version": 0,
          "attributes": {
            "agent_config": [
              {
                "is_management_disabled": false,
                "is_monitoring_disabled": false
              }
            ],
            "availability_domain": "dKrR:US-ASHBURN-AD-1",
            "boot_volume_id": "ocid1.bootvolume.oc1.iad.abuwcljtbsjgsegltakfijenau4hob3uzd4kcjvp3bkblqpndmoqadirimga",
            "compartment_id": "ocid1.compartment.oc1..aaaaaaaa4cmhrwn76aralhu2g7dfqhmv4ygyzfg6uitdz6muiaofwrpn74yq",
            "create_vnic_details": [
              {
                "assign_public_ip": "true",
                "defined_tags": {},
                "display_name": "TestInstance0",
                "freeform_tags": {},
                "hostname_label": "testinstance0",
                "nsg_ids": [],
                "private_ip": "10.0.0.20",
                "skip_source_dest_check": false,
                "subnet_id": "ocid1.subnet.oc1.iad.aaaaaaaapfhz7fwrbo5dae2dc2ugq5im3scwmcsvoop4kp37v7gqrnzu55hq"
              }
            ],
            "dedicated_vm_host_id": null,
            "defined_tags": {},
            "display_name": "TestInstance0",
            "extended_metadata": null,
            "fault_domain": "FAULT-DOMAIN-2",
            "freeform_tags": {},
            "hostname_label": "testinstance0",
            "id": "ocid1.instance.oc1.iad.anuwcljt7zxxlwicztoyun3jqs2xr572srcw5bbdv6j5rejacsm2ionionaa",
            "image": "ocid1.image.oc1.iad.aaaaaaaageeenzyuxgia726xur4ztaoxbxyjlxogdhreu3ngfj2gji3bayda",
            "ipxe_script": null,
            "is_pv_encryption_in_transit_enabled": null,
            "launch_mode": "NATIVE",
            "launch_options": [
              {
                "boot_volume_type": "PARAVIRTUALIZED",
                "firmware": "UEFI_64",
                "is_consistent_volume_naming_enabled": false,
                "is_pv_encryption_in_transit_enabled": false,
                "network_type": "VFIO",
                "remote_data_volume_type": "PARAVIRTUALIZED"
              }
            ],
            "metadata": {
              "ssh_authorized_keys": "ssh-rsa AAAAB3NzaC1yc2EAAAADAQABAAABAQC2gnOu57Lc5lXdKD2+7lLCSRKh8QZOLYNJhJHcjPy7u61kpgLWX2jGjg1/ngCFRp0Bl6pp1IIL4Ut3yPpvuIIr+ibzoWcUCHOScTKzMwd8phL8L8aZtOowfnU7wSOdXdO5rF88YRPNJfOF+6+7ZoIYsh46F5KHnSsNx2H8Fq7+YD2Bq4VlICNN/WYq1A3rW7PoquuNpHj+hQ/txDAFXBkCPcQrcxMNj78pv8OWp46f12uDvp59/Srd4UDr3NUzaXRCj7NmOlKUlbANt+75aD2Q0us+Jsj+WiIDttWncMjyAAb4ydZamLdsnV2J2S+y7b3R4yEKmwSP9bEkAvoiVT8z opc@kedastream",
              "user_data": "IyEvYmluL2Jhc2gNCnl1bSB1cGRhdGUgLXkNCg=="
            },
            "preserve_boot_volume": null,
            "private_ip": "10.0.0.20",
            "public_ip": "150.136.141.255",
            "region": "iad",
            "shape": "VM.Standard1.1",
            "source_details": [
              {
                "boot_volume_size_in_gbs": "47",
                "kms_key_id": "",
                "source_id": "ocid1.image.oc1.iad.aaaaaaaageeenzyuxgia726xur4ztaoxbxyjlxogdhreu3ngfj2gji3bayda",
                "source_type": "image"
              }
            ],
            "state": "RUNNING",
            "subnet_id": "ocid1.subnet.oc1.iad.aaaaaaaapfhz7fwrbo5dae2dc2ugq5im3scwmcsvoop4kp37v7gqrnzu55hq",
            "system_tags": {},
            "time_created": "2020-02-07 13:27:30.015 +0000 UTC",
            "time_maintenance_reboot_due": "",
            "timeouts": {
              "create": "60m",
              "delete": null,
              "update": null
            }
          },
          "private": "eyJlMmJmYjczMC1lY2FhLTExZTYtOGY4OC0zNDM2M2JjN2M0YzAiOnsiY3JlYXRlIjozNjAwMDAwMDAwMDAwLCJkZWxldGUiOjcyMDAwMDAwMDAwMDAsInVwZGF0ZSI6NzIwMDAwMDAwMDAwMH19"
        }
      ]
    }
  ]
}
